// !$*UTF8*$!
{
	archiveVersion = 1;
	classes = {
	};
	objectVersion = 56;
	objects = {

/* Begin PBXBuildFile section */
		ACF855C92985A90B00A9DF2B /* RMRequest.swift in Sources */ = {isa = PBXBuildFile; fileRef = ACF855C82985A90B00A9DF2B /* RMRequest.swift */; };
		ACF855CB2985A9DA00A9DF2B /* RMAllRequest.swift in Sources */ = {isa = PBXBuildFile; fileRef = ACF855CA2985A9DA00A9DF2B /* RMAllRequest.swift */; };
		ACF856132987285200A9DF2B /* RMService.swift in Sources */ = {isa = PBXBuildFile; fileRef = ACF856122987285200A9DF2B /* RMService.swift */; };
		ACFE7BB5297D770E00A9DE69 /* AppDelegate.swift in Sources */ = {isa = PBXBuildFile; fileRef = ACFE7BB4297D770E00A9DE69 /* AppDelegate.swift */; };
		ACFE7BB7297D770E00A9DE69 /* SceneDelegate.swift in Sources */ = {isa = PBXBuildFile; fileRef = ACFE7BB6297D770E00A9DE69 /* SceneDelegate.swift */; };
		ACFE7BB9297D770E00A9DE69 /* RMTabBarController.swift in Sources */ = {isa = PBXBuildFile; fileRef = ACFE7BB8297D770E00A9DE69 /* RMTabBarController.swift */; };
		ACFE7BBE297D770E00A9DE69 /* Assets.xcassets in Resources */ = {isa = PBXBuildFile; fileRef = ACFE7BBD297D770E00A9DE69 /* Assets.xcassets */; };
		ACFE7BC1297D770E00A9DE69 /* LaunchScreen.storyboard in Resources */ = {isa = PBXBuildFile; fileRef = ACFE7BBF297D770E00A9DE69 /* LaunchScreen.storyboard */; };
		ACFE7BD0297D7D6700A9DE69 /* RMLocation.swift in Sources */ = {isa = PBXBuildFile; fileRef = ACFE7BCF297D7D6700A9DE69 /* RMLocation.swift */; };
		ACFE7BD2297D7D7100A9DE69 /* RMCharacter.swift in Sources */ = {isa = PBXBuildFile; fileRef = ACFE7BD1297D7D7100A9DE69 /* RMCharacter.swift */; };
		ACFE7BD4297D7D9100A9DE69 /* RMEpsode.swift in Sources */ = {isa = PBXBuildFile; fileRef = ACFE7BD3297D7D9100A9DE69 /* RMEpsode.swift */; };
		ACFE7BD7297D7E8600A9DE69 /* RMLocationViewController.swift in Sources */ = {isa = PBXBuildFile; fileRef = ACFE7BD6297D7E8600A9DE69 /* RMLocationViewController.swift */; };
		ACFE7BD9297D7E9200A9DE69 /* RMCharacterViewController.swift in Sources */ = {isa = PBXBuildFile; fileRef = ACFE7BD8297D7E9200A9DE69 /* RMCharacterViewController.swift */; };
		ACFE7BDB297D7EA600A9DE69 /* RMEpisodeViewController.swift in Sources */ = {isa = PBXBuildFile; fileRef = ACFE7BDA297D7EA600A9DE69 /* RMEpisodeViewController.swift */; };
		ACFE7BDD297D7EB200A9DE69 /* RMSettingsViewController.swift in Sources */ = {isa = PBXBuildFile; fileRef = ACFE7BDC297D7EB200A9DE69 /* RMSettingsViewController.swift */; };
		ACFE7BE4297D836B00A9DE69 /* Localizable.strings in Resources */ = {isa = PBXBuildFile; fileRef = ACFE7BE6297D836B00A9DE69 /* Localizable.strings */; };
		ACFE7BEC297E186700A9DE69 /* String+Extensions.swift in Sources */ = {isa = PBXBuildFile; fileRef = ACFE7BEB297E186700A9DE69 /* String+Extensions.swift */; };
		ACFE7BEE297E199400A9DE69 /* Constants.swift in Sources */ = {isa = PBXBuildFile; fileRef = ACFE7BED297E199400A9DE69 /* Constants.swift */; };
/* End PBXBuildFile section */

/* Begin PBXFileReference section */
		ACF855C82985A90B00A9DF2B /* RMRequest.swift */ = {isa = PBXFileReference; lastKnownFileType = sourcecode.swift; path = RMRequest.swift; sourceTree = "<group>"; };
		ACF855CA2985A9DA00A9DF2B /* RMAllRequest.swift */ = {isa = PBXFileReference; lastKnownFileType = sourcecode.swift; path = RMAllRequest.swift; sourceTree = "<group>"; };
		ACF856122987285200A9DF2B /* RMService.swift */ = {isa = PBXFileReference; lastKnownFileType = sourcecode.swift; path = RMService.swift; sourceTree = "<group>"; };
		ACFE7BB1297D770E00A9DE69 /* RickAndMorty.app */ = {isa = PBXFileReference; explicitFileType = wrapper.application; includeInIndex = 0; path = RickAndMorty.app; sourceTree = BUILT_PRODUCTS_DIR; };
		ACFE7BB4297D770E00A9DE69 /* AppDelegate.swift */ = {isa = PBXFileReference; lastKnownFileType = sourcecode.swift; path = AppDelegate.swift; sourceTree = "<group>"; };
		ACFE7BB6297D770E00A9DE69 /* SceneDelegate.swift */ = {isa = PBXFileReference; lastKnownFileType = sourcecode.swift; path = SceneDelegate.swift; sourceTree = "<group>"; };
		ACFE7BB8297D770E00A9DE69 /* RMTabBarController.swift */ = {isa = PBXFileReference; lastKnownFileType = sourcecode.swift; path = RMTabBarController.swift; sourceTree = "<group>"; };
		ACFE7BBD297D770E00A9DE69 /* Assets.xcassets */ = {isa = PBXFileReference; lastKnownFileType = folder.assetcatalog; path = Assets.xcassets; sourceTree = "<group>"; };
		ACFE7BC0297D770E00A9DE69 /* Base */ = {isa = PBXFileReference; lastKnownFileType = file.storyboard; name = Base; path = Base.lproj/LaunchScreen.storyboard; sourceTree = "<group>"; };
		ACFE7BC2297D770E00A9DE69 /* Info.plist */ = {isa = PBXFileReference; lastKnownFileType = text.plist.xml; path = Info.plist; sourceTree = "<group>"; };
		ACFE7BCF297D7D6700A9DE69 /* RMLocation.swift */ = {isa = PBXFileReference; lastKnownFileType = sourcecode.swift; path = RMLocation.swift; sourceTree = "<group>"; };
		ACFE7BD1297D7D7100A9DE69 /* RMCharacter.swift */ = {isa = PBXFileReference; lastKnownFileType = sourcecode.swift; path = RMCharacter.swift; sourceTree = "<group>"; };
		ACFE7BD3297D7D9100A9DE69 /* RMEpsode.swift */ = {isa = PBXFileReference; lastKnownFileType = sourcecode.swift; path = RMEpsode.swift; sourceTree = "<group>"; };
		ACFE7BD6297D7E8600A9DE69 /* RMLocationViewController.swift */ = {isa = PBXFileReference; lastKnownFileType = sourcecode.swift; path = RMLocationViewController.swift; sourceTree = "<group>"; };
		ACFE7BD8297D7E9200A9DE69 /* RMCharacterViewController.swift */ = {isa = PBXFileReference; lastKnownFileType = sourcecode.swift; path = RMCharacterViewController.swift; sourceTree = "<group>"; };
		ACFE7BDA297D7EA600A9DE69 /* RMEpisodeViewController.swift */ = {isa = PBXFileReference; lastKnownFileType = sourcecode.swift; path = RMEpisodeViewController.swift; sourceTree = "<group>"; };
		ACFE7BDC297D7EB200A9DE69 /* RMSettingsViewController.swift */ = {isa = PBXFileReference; lastKnownFileType = sourcecode.swift; path = RMSettingsViewController.swift; sourceTree = "<group>"; };
		ACFE7BE5297D836B00A9DE69 /* en */ = {isa = PBXFileReference; lastKnownFileType = text.plist.strings; name = en; path = en.lproj/Localizable.strings; sourceTree = "<group>"; };
		ACFE7BE7297D837F00A9DE69 /* pt-BR */ = {isa = PBXFileReference; lastKnownFileType = text.plist.strings; name = "pt-BR"; path = "pt-BR.lproj/Localizable.strings"; sourceTree = "<group>"; };
		ACFE7BEB297E186700A9DE69 /* String+Extensions.swift */ = {isa = PBXFileReference; lastKnownFileType = sourcecode.swift; path = "String+Extensions.swift"; sourceTree = "<group>"; };
		ACFE7BED297E199400A9DE69 /* Constants.swift */ = {isa = PBXFileReference; lastKnownFileType = sourcecode.swift; path = Constants.swift; sourceTree = "<group>"; };
/* End PBXFileReference section */

/* Begin PBXFrameworksBuildPhase section */
		ACFE7BAE297D770E00A9DE69 /* Frameworks */ = {
			isa = PBXFrameworksBuildPhase;
			buildActionMask = 2147483647;
			files = (
			);
			runOnlyForDeploymentPostprocessing = 0;
		};
/* End PBXFrameworksBuildPhase section */

/* Begin PBXGroup section */
		ACF855D22985AE5D00A9DF2B /* Networking */ = {
			isa = PBXGroup;
			children = (
			);
			path = Networking;
			sourceTree = "<group>";
		};
		ACFE7BA8297D770E00A9DE69 = {
			isa = PBXGroup;
			children = (
				ACFE7BB3297D770E00A9DE69 /* RickAndMorty */,
				ACF855D22985AE5D00A9DF2B /* Networking */,
				ACFE7BB2297D770E00A9DE69 /* Products */,
			);
			sourceTree = "<group>";
		};
		ACFE7BB2297D770E00A9DE69 /* Products */ = {
			isa = PBXGroup;
			children = (
				ACFE7BB1297D770E00A9DE69 /* RickAndMorty.app */,
			);
			name = Products;
			sourceTree = "<group>";
		};
		ACFE7BB3297D770E00A9DE69 /* RickAndMorty */ = {
			isa = PBXGroup;
			children = (
				ACFE7BE8297DA1DE00A9DE69 /* Commons */,
				ACFE7BCE297D7A5600A9DE69 /* Managers */,
				ACFE7BCC297D7A2F00A9DE69 /* APIClient */,
				ACFE7BCD297D7A5000A9DE69 /* Resources */,
				ACFE7BCB297D7A2900A9DE69 /* ViewModels */,
				ACFE7BCA297D7A1900A9DE69 /* Views */,
				ACFE7BC9297D7A1300A9DE69 /* Models */,
				ACFE7BC8297D79FF00A9DE69 /* Controllers */,
				ACFE7BC2297D770E00A9DE69 /* Info.plist */,
			);
			path = RickAndMorty;
			sourceTree = "<group>";
		};
		ACFE7BC8297D79FF00A9DE69 /* Controllers */ = {
			isa = PBXGroup;
			children = (
				ACFE7BD5297D7E2A00A9DE69 /* Core */,
			);
			path = Controllers;
			sourceTree = "<group>";
		};
		ACFE7BC9297D7A1300A9DE69 /* Models */ = {
			isa = PBXGroup;
			children = (
				ACFE7BCF297D7D6700A9DE69 /* RMLocation.swift */,
				ACFE7BD1297D7D7100A9DE69 /* RMCharacter.swift */,
				ACFE7BD3297D7D9100A9DE69 /* RMEpsode.swift */,
			);
			path = Models;
			sourceTree = "<group>";
		};
		ACFE7BCA297D7A1900A9DE69 /* Views */ = {
			isa = PBXGroup;
			children = (
			);
			path = Views;
			sourceTree = "<group>";
		};
		ACFE7BCB297D7A2900A9DE69 /* ViewModels */ = {
			isa = PBXGroup;
			children = (
			);
			path = ViewModels;
			sourceTree = "<group>";
		};
		ACFE7BCC297D7A2F00A9DE69 /* APIClient */ = {
			isa = PBXGroup;
			children = (
				ACF855C82985A90B00A9DF2B /* RMRequest.swift */,
				ACF855CA2985A9DA00A9DF2B /* RMAllRequest.swift */,
				ACF856122987285200A9DF2B /* RMService.swift */,
			);
			path = APIClient;
			sourceTree = "<group>";
		};
		ACFE7BCD297D7A5000A9DE69 /* Resources */ = {
			isa = PBXGroup;
			children = (
				ACFE7BB4297D770E00A9DE69 /* AppDelegate.swift */,
				ACFE7BB6297D770E00A9DE69 /* SceneDelegate.swift */,
				ACFE7BBD297D770E00A9DE69 /* Assets.xcassets */,
				ACFE7BBF297D770E00A9DE69 /* LaunchScreen.storyboard */,
				ACFE7BE6297D836B00A9DE69 /* Localizable.strings */,
			);
			path = Resources;
			sourceTree = "<group>";
		};
		ACFE7BCE297D7A5600A9DE69 /* Managers */ = {
			isa = PBXGroup;
			children = (
			);
			path = Managers;
			sourceTree = "<group>";
		};
		ACFE7BD5297D7E2A00A9DE69 /* Core */ = {
			isa = PBXGroup;
			children = (
				ACFE7BB8297D770E00A9DE69 /* RMTabBarController.swift */,
				ACFE7BD6297D7E8600A9DE69 /* RMLocationViewController.swift */,
				ACFE7BD8297D7E9200A9DE69 /* RMCharacterViewController.swift */,
				ACFE7BDA297D7EA600A9DE69 /* RMEpisodeViewController.swift */,
				ACFE7BDC297D7EB200A9DE69 /* RMSettingsViewController.swift */,
			);
			path = Core;
			sourceTree = "<group>";
		};
		ACFE7BE8297DA1DE00A9DE69 /* Commons */ = {
			isa = PBXGroup;
			children = (
				ACFE7BEB297E186700A9DE69 /* String+Extensions.swift */,
				ACFE7BED297E199400A9DE69 /* Constants.swift */,
			);
			path = Commons;
			sourceTree = "<group>";
		};
/* End PBXGroup section */

/* Begin PBXNativeTarget section */
		ACFE7BB0297D770E00A9DE69 /* RickAndMorty */ = {
			isa = PBXNativeTarget;
			buildConfigurationList = ACFE7BC5297D770E00A9DE69 /* Build configuration list for PBXNativeTarget "RickAndMorty" */;
			buildPhases = (
				ACFE7BAD297D770E00A9DE69 /* Sources */,
				ACFE7BAE297D770E00A9DE69 /* Frameworks */,
				ACFE7BAF297D770E00A9DE69 /* Resources */,
			);
			buildRules = (
			);
			dependencies = (
			);
			name = RickAndMorty;
			productName = RickAndMorty;
			productReference = ACFE7BB1297D770E00A9DE69 /* RickAndMorty.app */;
			productType = "com.apple.product-type.application";
		};
/* End PBXNativeTarget section */

/* Begin PBXProject section */
		ACFE7BA9297D770E00A9DE69 /* Project object */ = {
			isa = PBXProject;
			attributes = {
				BuildIndependentTargetsInParallel = 1;
				LastSwiftUpdateCheck = 1420;
				LastUpgradeCheck = 1420;
				TargetAttributes = {
					ACFE7BB0297D770E00A9DE69 = {
						CreatedOnToolsVersion = 14.2;
					};
				};
			};
			buildConfigurationList = ACFE7BAC297D770E00A9DE69 /* Build configuration list for PBXProject "RickAndMorty" */;
			compatibilityVersion = "Xcode 14.0";
			developmentRegion = en;
			hasScannedForEncodings = 0;
			knownRegions = (
				en,
				Base,
				"pt-BR",
			);
			mainGroup = ACFE7BA8297D770E00A9DE69;
			productRefGroup = ACFE7BB2297D770E00A9DE69 /* Products */;
			projectDirPath = "";
			projectRoot = "";
			targets = (
				ACFE7BB0297D770E00A9DE69 /* RickAndMorty */,
			);
		};
/* End PBXProject section */

/* Begin PBXResourcesBuildPhase section */
		ACFE7BAF297D770E00A9DE69 /* Resources */ = {
			isa = PBXResourcesBuildPhase;
			buildActionMask = 2147483647;
			files = (
				ACFE7BC1297D770E00A9DE69 /* LaunchScreen.storyboard in Resources */,
				ACFE7BE4297D836B00A9DE69 /* Localizable.strings in Resources */,
				ACFE7BBE297D770E00A9DE69 /* Assets.xcassets in Resources */,
			);
			runOnlyForDeploymentPostprocessing = 0;
		};
/* End PBXResourcesBuildPhase section */

/* Begin PBXSourcesBuildPhase section */
		ACFE7BAD297D770E00A9DE69 /* Sources */ = {
			isa = PBXSourcesBuildPhase;
			buildActionMask = 2147483647;
			files = (
				ACFE7BB9297D770E00A9DE69 /* RMTabBarController.swift in Sources */,
				ACFE7BEC297E186700A9DE69 /* String+Extensions.swift in Sources */,
				ACFE7BB5297D770E00A9DE69 /* AppDelegate.swift in Sources */,
				ACFE7BD7297D7E8600A9DE69 /* RMLocationViewController.swift in Sources */,
				ACFE7BB7297D770E00A9DE69 /* SceneDelegate.swift in Sources */,
				ACF856132987285200A9DF2B /* RMService.swift in Sources */,
				ACFE7BD0297D7D6700A9DE69 /* RMLocation.swift in Sources */,
				ACF855C92985A90B00A9DF2B /* RMRequest.swift in Sources */,
				ACFE7BD9297D7E9200A9DE69 /* RMCharacterViewController.swift in Sources */,
				ACFE7BDD297D7EB200A9DE69 /* RMSettingsViewController.swift in Sources */,
				ACFE7BD4297D7D9100A9DE69 /* RMEpsode.swift in Sources */,
				ACF855CB2985A9DA00A9DF2B /* RMAllRequest.swift in Sources */,
				ACFE7BDB297D7EA600A9DE69 /* RMEpisodeViewController.swift in Sources */,
				ACFE7BD2297D7D7100A9DE69 /* RMCharacter.swift in Sources */,
				ACFE7BEE297E199400A9DE69 /* Constants.swift in Sources */,
			);
			runOnlyForDeploymentPostprocessing = 0;
		};
/* End PBXSourcesBuildPhase section */

/* Begin PBXVariantGroup section */
		ACFE7BBF297D770E00A9DE69 /* LaunchScreen.storyboard */ = {
			isa = PBXVariantGroup;
			children = (
				ACFE7BC0297D770E00A9DE69 /* Base */,
			);
			name = LaunchScreen.storyboard;
			sourceTree = "<group>";
		};
		ACFE7BE6297D836B00A9DE69 /* Localizable.strings */ = {
			isa = PBXVariantGroup;
			children = (
				ACFE7BE5297D836B00A9DE69 /* en */,
				ACFE7BE7297D837F00A9DE69 /* pt-BR */,
			);
			name = Localizable.strings;
			sourceTree = "<group>";
		};
/* End PBXVariantGroup section */

/* Begin XCBuildConfiguration section */
		ACFE7BC3297D770E00A9DE69 /* Debug */ = {
			isa = XCBuildConfiguration;
			buildSettings = {
				ALWAYS_SEARCH_USER_PATHS = NO;
				CLANG_ANALYZER_LOCALIZABILITY_NONLOCALIZED = YES;
				CLANG_ANALYZER_NONNULL = YES;
				CLANG_ANALYZER_NUMBER_OBJECT_CONVERSION = YES_AGGRESSIVE;
				CLANG_CXX_LANGUAGE_STANDARD = "gnu++20";
				CLANG_ENABLE_MODULES = YES;
				CLANG_ENABLE_OBJC_ARC = YES;
				CLANG_ENABLE_OBJC_WEAK = YES;
				CLANG_WARN_BLOCK_CAPTURE_AUTORELEASING = YES;
				CLANG_WARN_BOOL_CONVERSION = YES;
				CLANG_WARN_COMMA = YES;
				CLANG_WARN_CONSTANT_CONVERSION = YES;
				CLANG_WARN_DEPRECATED_OBJC_IMPLEMENTATIONS = YES;
				CLANG_WARN_DIRECT_OBJC_ISA_USAGE = YES_ERROR;
				CLANG_WARN_DOCUMENTATION_COMMENTS = YES;
				CLANG_WARN_EMPTY_BODY = YES;
				CLANG_WARN_ENUM_CONVERSION = YES;
				CLANG_WARN_INFINITE_RECURSION = YES;
				CLANG_WARN_INT_CONVERSION = YES;
				CLANG_WARN_NON_LITERAL_NULL_CONVERSION = YES;
				CLANG_WARN_OBJC_IMPLICIT_RETAIN_SELF = YES;
				CLANG_WARN_OBJC_LITERAL_CONVERSION = YES;
				CLANG_WARN_OBJC_ROOT_CLASS = YES_ERROR;
				CLANG_WARN_QUOTED_INCLUDE_IN_FRAMEWORK_HEADER = YES;
				CLANG_WARN_RANGE_LOOP_ANALYSIS = YES;
				CLANG_WARN_STRICT_PROTOTYPES = YES;
				CLANG_WARN_SUSPICIOUS_MOVE = YES;
				CLANG_WARN_UNGUARDED_AVAILABILITY = YES_AGGRESSIVE;
				CLANG_WARN_UNREACHABLE_CODE = YES;
				CLANG_WARN__DUPLICATE_METHOD_MATCH = YES;
				COPY_PHASE_STRIP = NO;
				DEBUG_INFORMATION_FORMAT = dwarf;
				ENABLE_STRICT_OBJC_MSGSEND = YES;
				ENABLE_TESTABILITY = YES;
				GCC_C_LANGUAGE_STANDARD = gnu11;
				GCC_DYNAMIC_NO_PIC = NO;
				GCC_NO_COMMON_BLOCKS = YES;
				GCC_OPTIMIZATION_LEVEL = 0;
				GCC_PREPROCESSOR_DEFINITIONS = (
					"DEBUG=1",
					"$(inherited)",
				);
				GCC_WARN_64_TO_32_BIT_CONVERSION = YES;
				GCC_WARN_ABOUT_RETURN_TYPE = YES_ERROR;
				GCC_WARN_UNDECLARED_SELECTOR = YES;
				GCC_WARN_UNINITIALIZED_AUTOS = YES_AGGRESSIVE;
				GCC_WARN_UNUSED_FUNCTION = YES;
				GCC_WARN_UNUSED_VARIABLE = YES;
				IPHONEOS_DEPLOYMENT_TARGET = 16.2;
				MTL_ENABLE_DEBUG_INFO = INCLUDE_SOURCE;
				MTL_FAST_MATH = YES;
				ONLY_ACTIVE_ARCH = YES;
				SDKROOT = iphoneos;
				SWIFT_ACTIVE_COMPILATION_CONDITIONS = DEBUG;
				SWIFT_OPTIMIZATION_LEVEL = "-Onone";
			};
			name = Debug;
		};
		ACFE7BC4297D770E00A9DE69 /* Release */ = {
			isa = XCBuildConfiguration;
			buildSettings = {
				ALWAYS_SEARCH_USER_PATHS = NO;
				CLANG_ANALYZER_LOCALIZABILITY_NONLOCALIZED = YES;
				CLANG_ANALYZER_NONNULL = YES;
				CLANG_ANALYZER_NUMBER_OBJECT_CONVERSION = YES_AGGRESSIVE;
				CLANG_CXX_LANGUAGE_STANDARD = "gnu++20";
				CLANG_ENABLE_MODULES = YES;
				CLANG_ENABLE_OBJC_ARC = YES;
				CLANG_ENABLE_OBJC_WEAK = YES;
				CLANG_WARN_BLOCK_CAPTURE_AUTORELEASING = YES;
				CLANG_WARN_BOOL_CONVERSION = YES;
				CLANG_WARN_COMMA = YES;
				CLANG_WARN_CONSTANT_CONVERSION = YES;
				CLANG_WARN_DEPRECATED_OBJC_IMPLEMENTATIONS = YES;
				CLANG_WARN_DIRECT_OBJC_ISA_USAGE = YES_ERROR;
				CLANG_WARN_DOCUMENTATION_COMMENTS = YES;
				CLANG_WARN_EMPTY_BODY = YES;
				CLANG_WARN_ENUM_CONVERSION = YES;
				CLANG_WARN_INFINITE_RECURSION = YES;
				CLANG_WARN_INT_CONVERSION = YES;
				CLANG_WARN_NON_LITERAL_NULL_CONVERSION = YES;
				CLANG_WARN_OBJC_IMPLICIT_RETAIN_SELF = YES;
				CLANG_WARN_OBJC_LITERAL_CONVERSION = YES;
				CLANG_WARN_OBJC_ROOT_CLASS = YES_ERROR;
				CLANG_WARN_QUOTED_INCLUDE_IN_FRAMEWORK_HEADER = YES;
				CLANG_WARN_RANGE_LOOP_ANALYSIS = YES;
				CLANG_WARN_STRICT_PROTOTYPES = YES;
				CLANG_WARN_SUSPICIOUS_MOVE = YES;
				CLANG_WARN_UNGUARDED_AVAILABILITY = YES_AGGRESSIVE;
				CLANG_WARN_UNREACHABLE_CODE = YES;
				CLANG_WARN__DUPLICATE_METHOD_MATCH = YES;
				COPY_PHASE_STRIP = NO;
				DEBUG_INFORMATION_FORMAT = "dwarf-with-dsym";
				ENABLE_NS_ASSERTIONS = NO;
				ENABLE_STRICT_OBJC_MSGSEND = YES;
				GCC_C_LANGUAGE_STANDARD = gnu11;
				GCC_NO_COMMON_BLOCKS = YES;
				GCC_WARN_64_TO_32_BIT_CONVERSION = YES;
				GCC_WARN_ABOUT_RETURN_TYPE = YES_ERROR;
				GCC_WARN_UNDECLARED_SELECTOR = YES;
				GCC_WARN_UNINITIALIZED_AUTOS = YES_AGGRESSIVE;
				GCC_WARN_UNUSED_FUNCTION = YES;
				GCC_WARN_UNUSED_VARIABLE = YES;
				IPHONEOS_DEPLOYMENT_TARGET = 16.2;
				MTL_ENABLE_DEBUG_INFO = NO;
				MTL_FAST_MATH = YES;
				SDKROOT = iphoneos;
				SWIFT_COMPILATION_MODE = wholemodule;
				SWIFT_OPTIMIZATION_LEVEL = "-O";
				VALIDATE_PRODUCT = YES;
			};
			name = Release;
		};
		ACFE7BC6297D770E00A9DE69 /* Debug */ = {
			isa = XCBuildConfiguration;
			buildSettings = {
				ASSETCATALOG_COMPILER_APPICON_NAME = AppIcon;
				ASSETCATALOG_COMPILER_GLOBAL_ACCENT_COLOR_NAME = AccentColor;
				BaseURL = "https://rickandmortyapi.com/api";
				CODE_SIGN_STYLE = Automatic;
				CURRENT_PROJECT_VERSION = 1;
				DEVELOPMENT_TEAM = KY9KTSK9G3;
				GENERATE_INFOPLIST_FILE = YES;
				INFOPLIST_FILE = RickAndMorty/Info.plist;
				INFOPLIST_KEY_UIApplicationSupportsIndirectInputEvents = YES;
				INFOPLIST_KEY_UILaunchStoryboardName = LaunchScreen;
				INFOPLIST_KEY_UIMainStoryboardFile = "";
				INFOPLIST_KEY_UISupportedInterfaceOrientations_iPad = "UIInterfaceOrientationPortrait UIInterfaceOrientationPortraitUpsideDown UIInterfaceOrientationLandscapeLeft UIInterfaceOrientationLandscapeRight";
				INFOPLIST_KEY_UISupportedInterfaceOrientations_iPhone = "UIInterfaceOrientationPortrait UIInterfaceOrientationLandscapeLeft UIInterfaceOrientationLandscapeRight";
				LD_RUNPATH_SEARCH_PATHS = (
					"$(inherited)",
					"@executable_path/Frameworks",
				);
				MARKETING_VERSION = 1.0;
				PRODUCT_BUNDLE_IDENTIFIER = com.robaert.alexandre.RickAndMorty;
				PRODUCT_NAME = "$(TARGET_NAME)";
				SWIFT_EMIT_LOC_STRINGS = YES;
				SWIFT_VERSION = 5.0;
				TARGETED_DEVICE_FAMILY = "1,2";
			};
			name = Debug;
		};
		ACFE7BC7297D770E00A9DE69 /* Release */ = {
			isa = XCBuildConfiguration;
			buildSettings = {
				ASSETCATALOG_COMPILER_APPICON_NAME = AppIcon;
				ASSETCATALOG_COMPILER_GLOBAL_ACCENT_COLOR_NAME = AccentColor;
				BaseURL = "";
				CODE_SIGN_STYLE = Automatic;
				CURRENT_PROJECT_VERSION = 1;
				DEVELOPMENT_TEAM = KY9KTSK9G3;
				GENERATE_INFOPLIST_FILE = YES;
				INFOPLIST_FILE = RickAndMorty/Info.plist;
				INFOPLIST_KEY_UIApplicationSupportsIndirectInputEvents = YES;
				INFOPLIST_KEY_UILaunchStoryboardName = LaunchScreen;
				INFOPLIST_KEY_UIMainStoryboardFile = "";
				INFOPLIST_KEY_UISupportedInterfaceOrientations_iPad = "UIInterfaceOrientationPortrait UIInterfaceOrientationPortraitUpsideDown UIInterfaceOrientationLandscapeLeft UIInterfaceOrientationLandscapeRight";
				INFOPLIST_KEY_UISupportedInterfaceOrientations_iPhone = "UIInterfaceOrientationPortrait UIInterfaceOrientationLandscapeLeft UIInterfaceOrientationLandscapeRight";
				LD_RUNPATH_SEARCH_PATHS = (
					"$(inherited)",
					"@executable_path/Frameworks",
				);
				MARKETING_VERSION = 1.0;
				PRODUCT_BUNDLE_IDENTIFIER = com.robaert.alexandre.RickAndMorty;
				PRODUCT_NAME = "$(TARGET_NAME)";
				SWIFT_EMIT_LOC_STRINGS = YES;
				SWIFT_VERSION = 5.0;
				TARGETED_DEVICE_FAMILY = "1,2";
			};
			name = Release;
		};
/* End XCBuildConfiguration section */

/* Begin XCConfigurationList section */
		ACFE7BAC297D770E00A9DE69 /* Build configuration list for PBXProject "RickAndMorty" */ = {
			isa = XCConfigurationList;
			buildConfigurations = (
				ACFE7BC3297D770E00A9DE69 /* Debug */,
				ACFE7BC4297D770E00A9DE69 /* Release */,
			);
			defaultConfigurationIsVisible = 0;
			defaultConfigurationName = Release;
		};
		ACFE7BC5297D770E00A9DE69 /* Build configuration list for PBXNativeTarget "RickAndMorty" */ = {
			isa = XCConfigurationList;
			buildConfigurations = (
				ACFE7BC6297D770E00A9DE69 /* Debug */,
				ACFE7BC7297D770E00A9DE69 /* Release */,
			);
			defaultConfigurationIsVisible = 0;
			defaultConfigurationName = Release;
		};
/* End XCConfigurationList section */
	};
	rootObject = ACFE7BA9297D770E00A9DE69 /* Project object */;
}
